
Microsoft Visual Studio Solution File, Format Version 12.00
# Visual Studio Version 17
VisualStudioVersion = 17.14.36202.13 d17.14
MinimumVisualStudioVersion = 10.0.40219.1
Project("{FAE04EC0-301F-11D3-BF4B-00C04F79EFBC}") = "VSSurvivalMod", "VSSurvivalMod.csproj", "{03328BE2-C6F2-A7AD-BBB9-50363293434E}"
EndProject
Global
	GlobalSection(SolutionConfigurationPlatforms) = preSolution
		Debug|Any CPU = Debug|Any CPU
		PerfTest|Any CPU = PerfTest|Any CPU
		Release|Any CPU = Release|Any CPU
	EndGlobalSection
	GlobalSection(ProjectConfigurationPlatforms) = postSolution
		{03328BE2-C6F2-A7AD-BBB9-50363293434E}.Debug|Any CPU.ActiveCfg = Debug|Any CPU
		{03328BE2-C6F2-A7AD-BBB9-50363293434E}.Debug|Any CPU.Build.0 = Debug|Any CPU
		{03328BE2-C6F2-A7AD-BBB9-50363293434E}.PerfTest|Any CPU.ActiveCfg = PerfTest|Any CPU
		{03328BE2-C6F2-A7AD-BBB9-50363293434E}.PerfTest|Any CPU.Build.0 = PerfTest|Any CPU
		{03328BE2-C6F2-A7AD-BBB9-50363293434E}.Release|Any CPU.ActiveCfg = Release|Any CPU
		{03328BE2-C6F2-A7AD-BBB9-50363293434E}.Release|Any CPU.Build.0 = Release|Any CPU
	EndGlobalSection
	GlobalSection(SolutionProperties) = preSolution
		HideSolutionNode = FALSE
	EndGlobalSection
	GlobalSection(ExtensibilityGlobals) = postSolution
		SolutionGuid = {125833AF-9DF0-40BD-9F1C-6B6CB3458A39}
	EndGlobalSection
EndGlobal
